
Microsoft Visual Studio Solution File, Format Version 12.00
# Visual Studio Version 16
VisualStudioVersion = 16.0.29911.84
MinimumVisualStudioVersion = 10.0.40219.1
Project("{FAE04EC0-301F-11D3-BF4B-00C04F79EFBC}") = "CorporateQualitySolution", "CorporateQualitySolution.csproj", "{F4B7454B-1E16-4895-99AF-8A2098792B12}"
EndProject
Global
	GlobalSection(SolutionConfigurationPlatforms) = preSolution
		Debug|Any CPU = Debug|Any CPU
		Release|Any CPU = Release|Any CPU
	EndGlobalSection
	GlobalSection(ProjectConfigurationPlatforms) = postSolution
		{F4B7454B-1E16-4895-99AF-8A2098792B12}.Debug|Any CPU.ActiveCfg = Debug|Any CPU
		{F4B7454B-1E16-4895-99AF-8A2098792B12}.Debug|Any CPU.Build.0 = Debug|Any CPU
		{F4B7454B-1E16-4895-99AF-8A2098792B12}.Release|Any CPU.ActiveCfg = Release|Any CPU
		{F4B7454B-1E16-4895-99AF-8A2098792B12}.Release|Any CPU.Build.0 = Release|Any CPU
	EndGlobalSection
	GlobalSection(SolutionProperties) = preSolution
		HideSolutionNode = FALSE
	EndGlobalSection
	GlobalSection(ExtensibilityGlobals) = postSolution
		SolutionGuid = {A6DED19D-3DCD-4803-96E5-21E85EC4AD16}
	EndGlobalSection
EndGlobal
